
Microsoft Visual Studio Solution File, Format Version 12.00
# Visual Studio Version 16
VisualStudioVersion = 16.0.31424.327
MinimumVisualStudioVersion = 10.0.40219.1
Project("{FAE04EC0-301F-11D3-BF4B-00C04F79EFBC}") = "Yield-IEnumerable-Demo", "Yield-IEnumerable-Demo\Yield-IEnumerable-Demo.csproj", "{B6EAB286-6F60-4DAC-979C-EE7C92781FCE}"
EndProject
Global
	GlobalSection(SolutionConfigurationPlatforms) = preSolution
		Debug|Any CPU = Debug|Any CPU
		Release|Any CPU = Release|Any CPU
	EndGlobalSection
	GlobalSection(ProjectConfigurationPlatforms) = postSolution
		{B6EAB286-6F60-4DAC-979C-EE7C92781FCE}.Debug|Any CPU.ActiveCfg = Debug|Any CPU
		{B6EAB286-6F60-4DAC-979C-EE7C92781FCE}.Debug|Any CPU.Build.0 = Debug|Any CPU
		{B6EAB286-6F60-4DAC-979C-EE7C92781FCE}.Release|Any CPU.ActiveCfg = Release|Any CPU
		{B6EAB286-6F60-4DAC-979C-EE7C92781FCE}.Release|Any CPU.Build.0 = Release|Any CPU
	EndGlobalSection
	GlobalSection(SolutionProperties) = preSolution
		HideSolutionNode = FALSE
	EndGlobalSection
	GlobalSection(ExtensibilityGlobals) = postSolution
		SolutionGuid = {2329EC36-7738-4274-9A72-5155D0E95C98}
	EndGlobalSection
EndGlobal
